// !$*UTF8*$!
{
	archiveVersion = 1;
	classes = {
	};
	objectVersion = 46;
	objects = {

/* Begin PBXBuildFile section */
		EB008C6A1822B7000007F704 /* UIKit.framework in Frameworks */ = {isa = PBXBuildFile; fileRef = EB008C691822B7000007F704 /* UIKit.framework */; };
		EB008C6C1822B7000007F704 /* Foundation.framework in Frameworks */ = {isa = PBXBuildFile; fileRef = EB008C6B1822B7000007F704 /* Foundation.framework */; };
		EB008C6E1822B7000007F704 /* CoreGraphics.framework in Frameworks */ = {isa = PBXBuildFile; fileRef = EB008C6D1822B7000007F704 /* CoreGraphics.framework */; };
		EB008C741822B7000007F704 /* InfoPlist.strings in Resources */ = {isa = PBXBuildFile; fileRef = EB008C721822B7000007F704 /* InfoPlist.strings */; };
		EB008C761822B7000007F704 /* main.m in Sources */ = {isa = PBXBuildFile; fileRef = EB008C751822B7000007F704 /* main.m */; };
		EB008C7A1822B7000007F704 /* Lesson3AppDelegate.m in Sources */ = {isa = PBXBuildFile; fileRef = EB008C791822B7000007F704 /* Lesson3AppDelegate.m */; };
		EB008C7C1822B7000007F704 /* Default.png in Resources */ = {isa = PBXBuildFile; fileRef = EB008C7B1822B7000007F704 /* Default.png */; };
		EB008C7E1822B7000007F704 /* Default@2x.png in Resources */ = {isa = PBXBuildFile; fileRef = EB008C7D1822B7000007F704 /* Default@2x.png */; };
		EB008C801822B7000007F704 /* Default-568h@2x.png in Resources */ = {isa = PBXBuildFile; fileRef = EB008C7F1822B7000007F704 /* Default-568h@2x.png */; };
		EB008C831822B7000007F704 /* MainStoryboard.storyboard in Resources */ = {isa = PBXBuildFile; fileRef = EB008C811822B7000007F704 /* MainStoryboard.storyboard */; };
		EB008C8E1822B7000007F704 /* SenTestingKit.framework in Frameworks */ = {isa = PBXBuildFile; fileRef = EB008C8D1822B7000007F704 /* SenTestingKit.framework */; };
		EB008C8F1822B7000007F704 /* UIKit.framework in Frameworks */ = {isa = PBXBuildFile; fileRef = EB008C691822B7000007F704 /* UIKit.framework */; };
		EB008C901822B7000007F704 /* Foundation.framework in Frameworks */ = {isa = PBXBuildFile; fileRef = EB008C6B1822B7000007F704 /* Foundation.framework */; };
		EB008C981822B7000007F704 /* InfoPlist.strings in Resources */ = {isa = PBXBuildFile; fileRef = EB008C961822B7000007F704 /* InfoPlist.strings */; };
		EB008C9B1822B7000007F704 /* Lesson3Tests.m in Sources */ = {isa = PBXBuildFile; fileRef = EB008C9A1822B7000007F704 /* Lesson3Tests.m */; };
		EB008CA61822B76D0007F704 /* Transport.m in Sources */ = {isa = PBXBuildFile; fileRef = EB008CA51822B76D0007F704 /* Transport.m */; };
		EB008CA91822B7880007F704 /* Vehicle.m in Sources */ = {isa = PBXBuildFile; fileRef = EB008CA81822B7880007F704 /* Vehicle.m */; };
		EB008CAC1822B9520007F704 /* TaxiTableViewController.m in Sources */ = {isa = PBXBuildFile; fileRef = EB008CAB1822B9520007F704 /* TaxiTableViewController.m */; };
		EB008CAF1822BE440007F704 /* ActiveTaxiCell.m in Sources */ = {isa = PBXBuildFile; fileRef = EB008CAE1822BE440007F704 /* ActiveTaxiCell.m */; };
		EB008CB21822BE600007F704 /* TaxiCell.m in Sources */ = {isa = PBXBuildFile; fileRef = EB008CB11822BE600007F704 /* TaxiCell.m */; };
		EB008CBA1826FE510007F704 /* star.png in Resources */ = {isa = PBXBuildFile; fileRef = EB008CB61826FE510007F704 /* star.png */; };
		EB008CBB1826FE510007F704 /* star_grey.png in Resources */ = {isa = PBXBuildFile; fileRef = EB008CB71826FE510007F704 /* star_grey.png */; };
		EB008CBC1826FE510007F704 /* star_grey_min.png in Resources */ = {isa = PBXBuildFile; fileRef = EB008CB81826FE510007F704 /* star_grey_min.png */; };
		EB008CBD1826FE510007F704 /* star_min.png in Resources */ = {isa = PBXBuildFile; fileRef = EB008CB91826FE510007F704 /* star_min.png */; };
/* End PBXBuildFile section */

/* Begin PBXContainerItemProxy section */
		EB008C911822B7000007F704 /* PBXContainerItemProxy */ = {
			isa = PBXContainerItemProxy;
			containerPortal = EB008C5E1822B7000007F704 /* Project object */;
			proxyType = 1;
			remoteGlobalIDString = EB008C651822B7000007F704;
			remoteInfo = Lesson3;
		};
/* End PBXContainerItemProxy section */

/* Begin PBXFileReference section */
		EB008C661822B7000007F704 /* Lesson3.app */ = {isa = PBXFileReference; explicitFileType = wrapper.application; includeInIndex = 0; path = Lesson3.app; sourceTree = BUILT_PRODUCTS_DIR; };
		EB008C691822B7000007F704 /* UIKit.framework */ = {isa = PBXFileReference; lastKnownFileType = wrapper.framework; name = UIKit.framework; path = System/Library/Frameworks/UIKit.framework; sourceTree = SDKROOT; };
		EB008C6B1822B7000007F704 /* Foundation.framework */ = {isa = PBXFileReference; lastKnownFileType = wrapper.framework; name = Foundation.framework; path = System/Library/Frameworks/Foundation.framework; sourceTree = SDKROOT; };
		EB008C6D1822B7000007F704 /* CoreGraphics.framework */ = {isa = PBXFileReference; lastKnownFileType = wrapper.framework; name = CoreGraphics.framework; path = System/Library/Frameworks/CoreGraphics.framework; sourceTree = SDKROOT; };
		EB008C711822B7000007F704 /* Lesson3-Info.plist */ = {isa = PBXFileReference; lastKnownFileType = text.plist.xml; path = "Lesson3-Info.plist"; sourceTree = "<group>"; };
		EB008C731822B7000007F704 /* en */ = {isa = PBXFileReference; lastKnownFileType = text.plist.strings; name = en; path = en.lproj/InfoPlist.strings; sourceTree = "<group>"; };
		EB008C751822B7000007F704 /* main.m */ = {isa = PBXFileReference; lastKnownFileType = sourcecode.c.objc; path = main.m; sourceTree = "<group>"; };
		EB008C771822B7000007F704 /* Lesson3-Prefix.pch */ = {isa = PBXFileReference; lastKnownFileType = sourcecode.c.h; path = "Lesson3-Prefix.pch"; sourceTree = "<group>"; };
		EB008C781822B7000007F704 /* Lesson3AppDelegate.h */ = {isa = PBXFileReference; lastKnownFileType = sourcecode.c.h; path = Lesson3AppDelegate.h; sourceTree = "<group>"; };
		EB008C791822B7000007F704 /* Lesson3AppDelegate.m */ = {isa = PBXFileReference; lastKnownFileType = sourcecode.c.objc; path = Lesson3AppDelegate.m; sourceTree = "<group>"; };
		EB008C7B1822B7000007F704 /* Default.png */ = {isa = PBXFileReference; lastKnownFileType = image.png; path = Default.png; sourceTree = "<group>"; };
		EB008C7D1822B7000007F704 /* Default@2x.png */ = {isa = PBXFileReference; lastKnownFileType = image.png; path = "Default@2x.png"; sourceTree = "<group>"; };
		EB008C7F1822B7000007F704 /* Default-568h@2x.png */ = {isa = PBXFileReference; lastKnownFileType = image.png; path = "Default-568h@2x.png"; sourceTree = "<group>"; };
		EB008C821822B7000007F704 /* en */ = {isa = PBXFileReference; lastKnownFileType = file.storyboard; name = en; path = en.lproj/MainStoryboard.storyboard; sourceTree = "<group>"; };
		EB008C8C1822B7000007F704 /* Lesson3Tests.octest */ = {isa = PBXFileReference; explicitFileType = wrapper.cfbundle; includeInIndex = 0; path = Lesson3Tests.octest; sourceTree = BUILT_PRODUCTS_DIR; };
		EB008C8D1822B7000007F704 /* SenTestingKit.framework */ = {isa = PBXFileReference; lastKnownFileType = wrapper.framework; name = SenTestingKit.framework; path = Library/Frameworks/SenTestingKit.framework; sourceTree = DEVELOPER_DIR; };
		EB008C951822B7000007F704 /* Lesson3Tests-Info.plist */ = {isa = PBXFileReference; lastKnownFileType = text.plist.xml; path = "Lesson3Tests-Info.plist"; sourceTree = "<group>"; };
		EB008C971822B7000007F704 /* en */ = {isa = PBXFileReference; lastKnownFileType = text.plist.strings; name = en; path = en.lproj/InfoPlist.strings; sourceTree = "<group>"; };
		EB008C991822B7000007F704 /* Lesson3Tests.h */ = {isa = PBXFileReference; lastKnownFileType = sourcecode.c.h; path = Lesson3Tests.h; sourceTree = "<group>"; };
		EB008C9A1822B7000007F704 /* Lesson3Tests.m */ = {isa = PBXFileReference; lastKnownFileType = sourcecode.c.objc; path = Lesson3Tests.m; sourceTree = "<group>"; };
		EB008CA41822B76D0007F704 /* Transport.h */ = {isa = PBXFileReference; fileEncoding = 4; lastKnownFileType = sourcecode.c.h; path = Transport.h; sourceTree = "<group>"; };
		EB008CA51822B76D0007F704 /* Transport.m */ = {isa = PBXFileReference; fileEncoding = 4; lastKnownFileType = sourcecode.c.objc; path = Transport.m; sourceTree = "<group>"; };
		EB008CA71822B7880007F704 /* Vehicle.h */ = {isa = PBXFileReference; fileEncoding = 4; lastKnownFileType = sourcecode.c.h; path = Vehicle.h; sourceTree = "<group>"; };
		EB008CA81822B7880007F704 /* Vehicle.m */ = {isa = PBXFileReference; fileEncoding = 4; lastKnownFileType = sourcecode.c.objc; path = Vehicle.m; sourceTree = "<group>"; };
		EB008CAA1822B9520007F704 /* TaxiTableViewController.h */ = {isa = PBXFileReference; fileEncoding = 4; lastKnownFileType = sourcecode.c.h; name = TaxiTableViewController.h; path = UI/TaxiTableViewController.h; sourceTree = "<group>"; };
		EB008CAB1822B9520007F704 /* TaxiTableViewController.m */ = {isa = PBXFileReference; fileEncoding = 4; lastKnownFileType = sourcecode.c.objc; name = TaxiTableViewController.m; path = UI/TaxiTableViewController.m; sourceTree = "<group>"; };
		EB008CAD1822BE440007F704 /* ActiveTaxiCell.h */ = {isa = PBXFileReference; fileEncoding = 4; lastKnownFileType = sourcecode.c.h; name = ActiveTaxiCell.h; path = UI/ActiveTaxiCell.h; sourceTree = "<group>"; };
		EB008CAE1822BE440007F704 /* ActiveTaxiCell.m */ = {isa = PBXFileReference; fileEncoding = 4; lastKnownFileType = sourcecode.c.objc; name = ActiveTaxiCell.m; path = UI/ActiveTaxiCell.m; sourceTree = "<group>"; };
		EB008CB01822BE600007F704 /* TaxiCell.h */ = {isa = PBXFileReference; fileEncoding = 4; lastKnownFileType = sourcecode.c.h; name = TaxiCell.h; path = UI/TaxiCell.h; sourceTree = "<group>"; };
		EB008CB11822BE600007F704 /* TaxiCell.m */ = {isa = PBXFileReference; fileEncoding = 4; lastKnownFileType = sourcecode.c.objc; name = TaxiCell.m; path = UI/TaxiCell.m; sourceTree = "<group>"; };
		EB008CB61826FE510007F704 /* star.png */ = {isa = PBXFileReference; lastKnownFileType = image.png; path = star.png; sourceTree = "<group>"; };
		EB008CB71826FE510007F704 /* star_grey.png */ = {isa = PBXFileReference; lastKnownFileType = image.png; path = star_grey.png; sourceTree = "<group>"; };
		EB008CB81826FE510007F704 /* star_grey_min.png */ = {isa = PBXFileReference; lastKnownFileType = image.png; path = star_grey_min.png; sourceTree = "<group>"; };
		EB008CB91826FE510007F704 /* star_min.png */ = {isa = PBXFileReference; lastKnownFileType = image.png; path = star_min.png; sourceTree = "<group>"; };
/* End PBXFileReference section */

/* Begin PBXFrameworksBuildPhase section */
		EB008C631822B7000007F704 /* Frameworks */ = {
			isa = PBXFrameworksBuildPhase;
			buildActionMask = 2147483647;
			files = (
				EB008C6A1822B7000007F704 /* UIKit.framework in Frameworks */,
				EB008C6C1822B7000007F704 /* Foundation.framework in Frameworks */,
				EB008C6E1822B7000007F704 /* CoreGraphics.framework in Frameworks */,
			);
			runOnlyForDeploymentPostprocessing = 0;
		};
		EB008C881822B7000007F704 /* Frameworks */ = {
			isa = PBXFrameworksBuildPhase;
			buildActionMask = 2147483647;
			files = (
				EB008C8E1822B7000007F704 /* SenTestingKit.framework in Frameworks */,
				EB008C8F1822B7000007F704 /* UIKit.framework in Frameworks */,
				EB008C901822B7000007F704 /* Foundation.framework in Frameworks */,
			);
			runOnlyForDeploymentPostprocessing = 0;
		};
/* End PBXFrameworksBuildPhase section */

/* Begin PBXGroup section */
		EB008C5D1822B7000007F704 = {
			isa = PBXGroup;
			children = (
				EB008C6F1822B7000007F704 /* Lesson3 */,
				EB008C931822B7000007F704 /* Lesson3Tests */,
				EB008C681822B7000007F704 /* Frameworks */,
				EB008C671822B7000007F704 /* Products */,
			);
			sourceTree = "<group>";
		};
		EB008C671822B7000007F704 /* Products */ = {
			isa = PBXGroup;
			children = (
				EB008C661822B7000007F704 /* Lesson3.app */,
				EB008C8C1822B7000007F704 /* Lesson3Tests.octest */,
			);
			name = Products;
			sourceTree = "<group>";
		};
		EB008C681822B7000007F704 /* Frameworks */ = {
			isa = PBXGroup;
			children = (
				EB008C691822B7000007F704 /* UIKit.framework */,
				EB008C6B1822B7000007F704 /* Foundation.framework */,
				EB008C6D1822B7000007F704 /* CoreGraphics.framework */,
				EB008C8D1822B7000007F704 /* SenTestingKit.framework */,
			);
			name = Frameworks;
			sourceTree = "<group>";
		};
		EB008C6F1822B7000007F704 /* Lesson3 */ = {
			isa = PBXGroup;
			children = (
				EB008CB51826FE510007F704 /* Images */,
				EB008CAA1822B9520007F704 /* TaxiTableViewController.h */,
				EB008CAB1822B9520007F704 /* TaxiTableViewController.m */,
				EB008C781822B7000007F704 /* Lesson3AppDelegate.h */,
				EB008C791822B7000007F704 /* Lesson3AppDelegate.m */,
				EB008C811822B7000007F704 /* MainStoryboard.storyboard */,
				EB008CAD1822BE440007F704 /* ActiveTaxiCell.h */,
				EB008CAE1822BE440007F704 /* ActiveTaxiCell.m */,
				EB008CB01822BE600007F704 /* TaxiCell.h */,
				EB008CB11822BE600007F704 /* TaxiCell.m */,
				EB008CA41822B76D0007F704 /* Transport.h */,
				EB008CA51822B76D0007F704 /* Transport.m */,
				EB008CA71822B7880007F704 /* Vehicle.h */,
				EB008CA81822B7880007F704 /* Vehicle.m */,
				EB008C701822B7000007F704 /* Supporting Files */,
			);
			path = Lesson3;
			sourceTree = "<group>";
		};
		EB008C701822B7000007F704 /* Supporting Files */ = {
			isa = PBXGroup;
			children = (
				EB008C711822B7000007F704 /* Lesson3-Info.plist */,
				EB008C721822B7000007F704 /* InfoPlist.strings */,
				EB008C751822B7000007F704 /* main.m */,
				EB008C771822B7000007F704 /* Lesson3-Prefix.pch */,
				EB008C7B1822B7000007F704 /* Default.png */,
				EB008C7D1822B7000007F704 /* Default@2x.png */,
				EB008C7F1822B7000007F704 /* Default-568h@2x.png */,
			);
			name = "Supporting Files";
			sourceTree = "<group>";
		};
		EB008C931822B7000007F704 /* Lesson3Tests */ = {
			isa = PBXGroup;
			children = (
				EB008C991822B7000007F704 /* Lesson3Tests.h */,
				EB008C9A1822B7000007F704 /* Lesson3Tests.m */,
				EB008C941822B7000007F704 /* Supporting Files */,
			);
			path = Lesson3Tests;
			sourceTree = "<group>";
		};
		EB008C941822B7000007F704 /* Supporting Files */ = {
			isa = PBXGroup;
			children = (
				EB008C951822B7000007F704 /* Lesson3Tests-Info.plist */,
				EB008C961822B7000007F704 /* InfoPlist.strings */,
			);
			name = "Supporting Files";
			sourceTree = "<group>";
		};
		EB008CB51826FE510007F704 /* Images */ = {
			isa = PBXGroup;
			children = (
				EB008CB61826FE510007F704 /* star.png */,
				EB008CB71826FE510007F704 /* star_grey.png */,
				EB008CB81826FE510007F704 /* star_grey_min.png */,
				EB008CB91826FE510007F704 /* star_min.png */,
			);
			path = Images;
			sourceTree = "<group>";
		};
/* End PBXGroup section */

/* Begin PBXNativeTarget section */
		EB008C651822B7000007F704 /* Lesson3 */ = {
			isa = PBXNativeTarget;
			buildConfigurationList = EB008C9E1822B7000007F704 /* Build configuration list for PBXNativeTarget "Lesson3" */;
			buildPhases = (
				EB008C621822B7000007F704 /* Sources */,
				EB008C631822B7000007F704 /* Frameworks */,
				EB008C641822B7000007F704 /* Resources */,
			);
			buildRules = (
			);
			dependencies = (
			);
			name = Lesson3;
			productName = Lesson3;
			productReference = EB008C661822B7000007F704 /* Lesson3.app */;
			productType = "com.apple.product-type.application";
		};
		EB008C8B1822B7000007F704 /* Lesson3Tests */ = {
			isa = PBXNativeTarget;
			buildConfigurationList = EB008CA11822B7000007F704 /* Build configuration list for PBXNativeTarget "Lesson3Tests" */;
			buildPhases = (
				EB008C871822B7000007F704 /* Sources */,
				EB008C881822B7000007F704 /* Frameworks */,
				EB008C891822B7000007F704 /* Resources */,
				EB008C8A1822B7000007F704 /* ShellScript */,
			);
			buildRules = (
			);
			dependencies = (
				EB008C921822B7000007F704 /* PBXTargetDependency */,
			);
			name = Lesson3Tests;
			productName = Lesson3Tests;
			productReference = EB008C8C1822B7000007F704 /* Lesson3Tests.octest */;
			productType = "com.apple.product-type.bundle";
		};
/* End PBXNativeTarget section */

/* Begin PBXProject section */
		EB008C5E1822B7000007F704 /* Project object */ = {
			isa = PBXProject;
			attributes = {
				CLASSPREFIX = Lesson3;
				LastUpgradeCheck = 0460;
				ORGANIZATIONNAME = alex;
			};
			buildConfigurationList = EB008C611822B7000007F704 /* Build configuration list for PBXProject "Lesson3" */;
			compatibilityVersion = "Xcode 3.2";
			developmentRegion = English;
			hasScannedForEncodings = 0;
			knownRegions = (
				en,
			);
			mainGroup = EB008C5D1822B7000007F704;
			productRefGroup = EB008C671822B7000007F704 /* Products */;
			projectDirPath = "";
			projectRoot = "";
			targets = (
				EB008C651822B7000007F704 /* Lesson3 */,
				EB008C8B1822B7000007F704 /* Lesson3Tests */,
			);
		};
/* End PBXProject section */

/* Begin PBXResourcesBuildPhase section */
		EB008C641822B7000007F704 /* Resources */ = {
			isa = PBXResourcesBuildPhase;
			buildActionMask = 2147483647;
			files = (
				EB008C741822B7000007F704 /* InfoPlist.strings in Resources */,
				EB008C7C1822B7000007F704 /* Default.png in Resources */,
				EB008C7E1822B7000007F704 /* Default@2x.png in Resources */,
				EB008C801822B7000007F704 /* Default-568h@2x.png in Resources */,
				EB008C831822B7000007F704 /* MainStoryboard.storyboard in Resources */,
				EB008CBA1826FE510007F704 /* star.png in Resources */,
				EB008CBB1826FE510007F704 /* star_grey.png in Resources */,
				EB008CBC1826FE510007F704 /* star_grey_min.png in Resources */,
				EB008CBD1826FE510007F704 /* star_min.png in Resources */,
			);
			runOnlyForDeploymentPostprocessing = 0;
		};
		EB008C891822B7000007F704 /* Resources */ = {
			isa = PBXResourcesBuildPhase;
			buildActionMask = 2147483647;
			files = (
				EB008C981822B7000007F704 /* InfoPlist.strings in Resources */,
			);
			runOnlyForDeploymentPostprocessing = 0;
		};
/* End PBXResourcesBuildPhase section */

/* Begin PBXShellScriptBuildPhase section */
		EB008C8A1822B7000007F704 /* ShellScript */ = {
			isa = PBXShellScriptBuildPhase;
			buildActionMask = 2147483647;
			files = (
			);
			inputPaths = (
			);
			outputPaths = (
			);
			runOnlyForDeploymentPostprocessing = 0;
			shellPath = /bin/sh;
			shellScript = "# Run the unit tests in this test bundle.\n\"${SYSTEM_DEVELOPER_DIR}/Tools/RunUnitTests\"\n";
		};
/* End PBXShellScriptBuildPhase section */

/* Begin PBXSourcesBuildPhase section */
		EB008C621822B7000007F704 /* Sources */ = {
			isa = PBXSourcesBuildPhase;
			buildActionMask = 2147483647;
			files = (
				EB008C761822B7000007F704 /* main.m in Sources */,
				EB008C7A1822B7000007F704 /* Lesson3AppDelegate.m in Sources */,
				EB008CA61822B76D0007F704 /* Transport.m in Sources */,
				EB008CA91822B7880007F704 /* Vehicle.m in Sources */,
				EB008CAC1822B9520007F704 /* TaxiTableViewController.m in Sources */,
				EB008CAF1822BE440007F704 /* ActiveTaxiCell.m in Sources */,
				EB008CB21822BE600007F704 /* TaxiCell.m in Sources */,
			);
			runOnlyForDeploymentPostprocessing = 0;
		};
		EB008C871822B7000007F704 /* Sources */ = {
			isa = PBXSourcesBuildPhase;
			buildActionMask = 2147483647;
			files = (
				EB008C9B1822B7000007F704 /* Lesson3Tests.m in Sources */,
			);
			runOnlyForDeploymentPostprocessing = 0;
		};
/* End PBXSourcesBuildPhase section */

/* Begin PBXTargetDependency section */
		EB008C921822B7000007F704 /* PBXTargetDependency */ = {
			isa = PBXTargetDependency;
			target = EB008C651822B7000007F704 /* Lesson3 */;
			targetProxy = EB008C911822B7000007F704 /* PBXContainerItemProxy */;
		};
/* End PBXTargetDependency section */

/* Begin PBXVariantGroup section */
		EB008C721822B7000007F704 /* InfoPlist.strings */ = {
			isa = PBXVariantGroup;
			children = (
				EB008C731822B7000007F704 /* en */,
			);
			name = InfoPlist.strings;
			sourceTree = "<group>";
		};
		EB008C811822B7000007F704 /* MainStoryboard.storyboard */ = {
			isa = PBXVariantGroup;
			children = (
				EB008C821822B7000007F704 /* en */,
			);
			name = MainStoryboard.storyboard;
			sourceTree = "<group>";
		};
		EB008C961822B7000007F704 /* InfoPlist.strings */ = {
			isa = PBXVariantGroup;
			children = (
				EB008C971822B7000007F704 /* en */,
			);
			name = InfoPlist.strings;
			sourceTree = "<group>";
		};
/* End PBXVariantGroup section */

/* Begin XCBuildConfiguration section */
		EB008C9C1822B7000007F704 /* Debug */ = {
			isa = XCBuildConfiguration;
			buildSettings = {
				ALWAYS_SEARCH_USER_PATHS = NO;
				CLANG_CXX_LANGUAGE_STANDARD = "gnu++0x";
				CLANG_CXX_LIBRARY = "libc++";
				CLANG_ENABLE_OBJC_ARC = YES;
				CLANG_WARN_CONSTANT_CONVERSION = YES;
				CLANG_WARN_EMPTY_BODY = YES;
				CLANG_WARN_ENUM_CONVERSION = YES;
				CLANG_WARN_INT_CONVERSION = YES;
				CLANG_WARN__DUPLICATE_METHOD_MATCH = YES;
				"CODE_SIGN_IDENTITY[sdk=iphoneos*]" = "iPhone Developer";
				COPY_PHASE_STRIP = NO;
				GCC_C_LANGUAGE_STANDARD = gnu99;
				GCC_DYNAMIC_NO_PIC = NO;
				GCC_OPTIMIZATION_LEVEL = 0;
				GCC_PREPROCESSOR_DEFINITIONS = (
					"DEBUG=1",
					"$(inherited)",
				);
				GCC_SYMBOLS_PRIVATE_EXTERN = NO;
				GCC_WARN_ABOUT_RETURN_TYPE = YES;
				GCC_WARN_UNINITIALIZED_AUTOS = YES;
				GCC_WARN_UNUSED_VARIABLE = YES;
				IPHONEOS_DEPLOYMENT_TARGET = 6.1;
				ONLY_ACTIVE_ARCH = YES;
				SDKROOT = iphoneos;
			};
			name = Debug;
		};
		EB008C9D1822B7000007F704 /* Release */ = {
			isa = XCBuildConfiguration;
			buildSettings = {
				ALWAYS_SEARCH_USER_PATHS = NO;
				CLANG_CXX_LANGUAGE_STANDARD = "gnu++0x";
				CLANG_CXX_LIBRARY = "libc++";
				CLANG_ENABLE_OBJC_ARC = YES;
				CLANG_WARN_CONSTANT_CONVERSION = YES;
				CLANG_WARN_EMPTY_BODY = YES;
				CLANG_WARN_ENUM_CONVERSION = YES;
				CLANG_WARN_INT_CONVERSION = YES;
				CLANG_WARN__DUPLICATE_METHOD_MATCH = YES;
				"CODE_SIGN_IDENTITY[sdk=iphoneos*]" = "iPhone Developer";
				COPY_PHASE_STRIP = YES;
				GCC_C_LANGUAGE_STANDARD = gnu99;
				GCC_WARN_ABOUT_RETURN_TYPE = YES;
				GCC_WARN_UNINITIALIZED_AUTOS = YES;
				GCC_WARN_UNUSED_VARIABLE = YES;
				IPHONEOS_DEPLOYMENT_TARGET = 6.1;
				OTHER_CFLAGS = "-DNS_BLOCK_ASSERTIONS=1";
				SDKROOT = iphoneos;
				VALIDATE_PRODUCT = YES;
			};
			name = Release;
		};
		EB008C9F1822B7000007F704 /* Debug */ = {
			isa = XCBuildConfiguration;
			buildSettings = {
				GCC_PRECOMPILE_PREFIX_HEADER = YES;
				GCC_PREFIX_HEADER = "Lesson3/Lesson3-Prefix.pch";
				INFOPLIST_FILE = "Lesson3/Lesson3-Info.plist";
				PRODUCT_NAME = "$(TARGET_NAME)";
				WRAPPER_EXTENSION = app;
			};
			name = Debug;
		};
		EB008CA01822B7000007F704 /* Release */ = {
			isa = XCBuildConfiguration;
			buildSettings = {
				GCC_PRECOMPILE_PREFIX_HEADER = YES;
				GCC_PREFIX_HEADER = "Lesson3/Lesson3-Prefix.pch";
				INFOPLIST_FILE = "Lesson3/Lesson3-Info.plist";
				PRODUCT_NAME = "$(TARGET_NAME)";
				WRAPPER_EXTENSION = app;
			};
			name = Release;
		};
		EB008CA21822B7000007F704 /* Debug */ = {
			isa = XCBuildConfiguration;
			buildSettings = {
				BUNDLE_LOADER = "$(BUILT_PRODUCTS_DIR)/Lesson3.app/Lesson3";
				FRAMEWORK_SEARCH_PATHS = (
					"\"$(SDKROOT)/Developer/Library/Frameworks\"",
					"\"$(DEVELOPER_LIBRARY_DIR)/Frameworks\"",
				);
				GCC_PRECOMPILE_PREFIX_HEADER = YES;
				GCC_PREFIX_HEADER = "Lesson3/Lesson3-Prefix.pch";
				INFOPLIST_FILE = "Lesson3Tests/Lesson3Tests-Info.plist";
				PRODUCT_NAME = "$(TARGET_NAME)";
				TEST_HOST = "$(BUNDLE_LOADER)";
				WRAPPER_EXTENSION = octest;
			};
			name = Debug;
		};
		EB008CA31822B7000007F704 /* Release */ = {
			isa = XCBuildConfiguration;
			buildSettings = {
				BUNDLE_LOADER = "$(BUILT_PRODUCTS_DIR)/Lesson3.app/Lesson3";
				FRAMEWORK_SEARCH_PATHS = (
					"\"$(SDKROOT)/Developer/Library/Frameworks\"",
					"\"$(DEVELOPER_LIBRARY_DIR)/Frameworks\"",
				);
				GCC_PRECOMPILE_PREFIX_HEADER = YES;
				GCC_PREFIX_HEADER = "Lesson3/Lesson3-Prefix.pch";
				INFOPLIST_FILE = "Lesson3Tests/Lesson3Tests-Info.plist";
				PRODUCT_NAME = "$(TARGET_NAME)";
				TEST_HOST = "$(BUNDLE_LOADER)";
				WRAPPER_EXTENSION = octest;
			};
			name = Release;
		};
/* End XCBuildConfiguration section */

/* Begin XCConfigurationList section */
		EB008C611822B7000007F704 /* Build configuration list for PBXProject "Lesson3" */ = {
			isa = XCConfigurationList;
			buildConfigurations = (
				EB008C9C1822B7000007F704 /* Debug */,
				EB008C9D1822B7000007F704 /* Release */,
			);
			defaultConfigurationIsVisible = 0;
			defaultConfigurationName = Release;
		};
		EB008C9E1822B7000007F704 /* Build configuration list for PBXNativeTarget "Lesson3" */ = {
			isa = XCConfigurationList;
			buildConfigurations = (
				EB008C9F1822B7000007F704 /* Debug */,
				EB008CA01822B7000007F704 /* Release */,
			);
			defaultConfigurationIsVisible = 0;
		};
		EB008CA11822B7000007F704 /* Build configuration list for PBXNativeTarget "Lesson3Tests" */ = {
			isa = XCConfigurationList;
			buildConfigurations = (
				EB008CA21822B7000007F704 /* Debug */,
				EB008CA31822B7000007F704 /* Release */,
			);
			defaultConfigurationIsVisible = 0;
		};
/* End XCConfigurationList section */
	};
	rootObject = EB008C5E1822B7000007F704 /* Project object */;
}
